<?xml version="1.0" encoding="UTF-8" standalone="yes" ?>
<CodeBlocks_project_file>
	<FileVersion major="1" minor="6" />
	<Project>
		<Option title="pJeuBillard" />
		<Option pch_mode="2" />
		<Option compiler="gcc" />
		<Build>
			<Target title="Debug">
				<Option output="bin/Debug/pJeuBillard" prefix_auto="1" extension_auto="1" />
				<Option object_output="obj/Debug/" />
				<Option type="1" />
				<Option compiler="gcc" />
				<Compiler>
					<Add option="-g" />
					<Add directory="include" />
				</Compiler>
				<Linker>
					<Add library="sfml-graphics-d" />
					<Add library="sfml-audio-d" />
					<Add library="sfml-network-d" />
					<Add library="sfml-window-d" />
					<Add library="sfml-system-d" />
				</Linker>
			</Target>
			<Target title="Release">
				<Option output="bin/Release/pJeuBillard" prefix_auto="1" extension_auto="1" />
				<Option object_output="obj/Release/" />
				<Option type="1" />
				<Option compiler="gcc" />
				<Compiler>
					<Add option="-O2" />
					<Add directory="include" />
				</Compiler>
				<Linker>
					<Add option="-s" />
					<Add library="sfml-graphics" />
					<Add library="sfml-audio" />
					<Add library="sfml-network" />
					<Add library="sfml-window" />
					<Add library="sfml-system" />
				</Linker>
			</Target>
		</Build>
		<Compiler>
			<Add option="-Wall" />
			<Add option="-std=c++14" />
			<Add option="-fexceptions" />
			<Add directory="C:/_libraries/C++/SFML-2.5.1/include" />
		</Compiler>
		<Linker>
			<Add directory="C:/_libraries/C++/SFML-2.5.1/lib" />
		</Linker>
		<Unit filename="include/Ball.h" />
		<Unit filename="include/BallHole.h" />
		<Unit filename="include/Character.h" />
		<Unit filename="include/CheckPoint.h" />
		<Unit filename="include/EndPoint.h" />
		<Unit filename="include/Enemy.h" />
		<Unit filename="include/GameManagerSingleton.h" />
		<Unit filename="include/ITriggerableElement.h" />
		<Unit filename="include/Level.h" />
		<Unit filename="include/LevelElement.h" />
		<Unit filename="include/Platform.h" />
		<Unit filename="include/Player.h" />
		<Unit filename="include/PoolCue.h" />
		<Unit filename="include/Warp.h" />
		<Unit filename="main.cpp" />
		<Unit filename="src/Ball.cpp" />
		<Unit filename="src/BallHole.cpp" />
		<Unit filename="src/Character.cpp" />
		<Unit filename="src/CheckPoint.cpp" />
		<Unit filename="src/EndPoint.cpp" />
		<Unit filename="src/Enemy.cpp" />
		<Unit filename="src/GameManagerSingleton.cpp" />
		<Unit filename="src/Level.cpp" />
		<Unit filename="src/LevelElement.cpp" />
		<Unit filename="src/Platform.cpp" />
		<Unit filename="src/Player.cpp" />
		<Unit filename="src/PoolCue.cpp" />
		<Unit filename="src/Warp.cpp" />
		<Extensions>
			<code_completion />
			<envvars />
			<debugger />
		</Extensions>
	</Project>
</CodeBlocks_project_file>
