<?xml version="1.0" encoding="UTF-8" standalone="yes" ?>
<CodeBlocks_project_file>
	<FileVersion major="1" minor="6" />
	<Project>
		<Option title="pJeuBillard" />
		<Option pch_mode="2" />
		<Option compiler="gcc" />
		<Build>
			<Target title="Debug">
				<Option output="bin/Debug/pJeuBillard" prefix_auto="1" extension_auto="1" />
				<Option object_output="obj/Debug/" />
				<Option type="1" />
				<Option compiler="gcc" />
				<Compiler>
					<Add option="-std=c++1z" />
					<Add option="-g" />
					<Add directory="include" />
					<Add directory="include/ECS" />
					<Add directory="include/ECS/Components" />
					<Add directory="include/ECS/Systems" />
					<Add directory="obj/Debug/src/ECS/Systems" />
					<Add directory="include/ECS/Components/Triggers" />
				</Compiler>
				<Linker>
					<Add library="sfml-graphics-d" />
					<Add library="sfml-audio-d" />
					<Add library="sfml-network-d" />
					<Add library="sfml-window-d" />
					<Add library="sfml-system-d" />
				</Linker>
			</Target>
			<Target title="Release">
				<Option output="bin/Release/pJeuBillard" prefix_auto="1" extension_auto="1" />
				<Option object_output="obj/Release/" />
				<Option type="1" />
				<Option compiler="gcc" />
				<Compiler>
					<Add option="-O2" />
					<Add directory="include" />
					<Add directory="include/ECS" />
					<Add directory="include/ECS/Components" />
					<Add directory="include/ECS/Systems" />
					<Add directory="obj/Debug/src/ECS/Systems" />
					<Add directory="include/ECS/Components/Triggers" />
				</Compiler>
				<Linker>
					<Add option="-s" />
					<Add library="sfml-graphics" />
					<Add library="sfml-audio" />
					<Add library="sfml-network" />
					<Add library="sfml-window" />
					<Add library="sfml-system" />
				</Linker>
			</Target>
		</Build>
		<Compiler>
			<Add option="-Wall" />
			<Add option="-std=c++14" />
			<Add option="-fexceptions" />
			<Add directory="SFML-2.5.1/include" />
		</Compiler>
		<Linker>
			<Add directory="SFML-2.5.1/lib" />
		</Linker>
		<Unit filename="include/AssetManager.h" />
		<Unit filename="include/ColliderTypeEnum.h" />
		<Unit filename="include/Collision.h" />
		<Unit filename="include/Configuration/Configuration.h" />
		<Unit filename="include/ConstraintEnum.h" />
		<Unit filename="include/ECS/Component.h" />
		<Unit filename="include/ECS/ComponentManagerSingleton.h" />
		<Unit filename="include/ECS/Components/CharacterComponent.h" />
		<Unit filename="include/ECS/Components/ColliderComponent.h" />
		<Unit filename="include/ECS/Components/ConstraintComponent.h" />
		<Unit filename="include/ECS/Components/GravityComponent.h" />
		<Unit filename="include/ECS/Components/PositionComponent.h" />
		<Unit filename="include/ECS/Components/RendererComponent.h" />
		<Unit filename="include/ECS/Components/RespawnComponent.h" />
		<Unit filename="include/ECS/Components/TriggerComponent.h" />
		<Unit filename="include/ECS/Components/Triggers/CheckPointTriggerComponent.h" />
		<Unit filename="include/ECS/Components/Triggers/CueAttackTriggerComponent.h" />
		<Unit filename="include/ECS/Components/Triggers/EndLevelTriggerComponent.h" />
		<Unit filename="include/ECS/Components/Triggers/HoleTriggerComponent.h" />
		<Unit filename="include/ECS/Components/Triggers/WarpTriggerComponent.h" />
		<Unit filename="include/ECS/Components/VelocityComponent.h" />
		<Unit filename="include/ECS/ECSCoordinatorSingleton.h" />
		<Unit filename="include/ECS/EntityManagerSingleton.h" />
		<Unit filename="include/ECS/System.h" />
		<Unit filename="include/ECS/SystemManagerSingleton.h" />
		<Unit filename="include/ECS/Systems/CollisionSystem.h" />
		<Unit filename="include/ECS/Systems/PhysicSystem.h" />
		<Unit filename="include/ECS/Systems/RenderSystem.h" />
		<Unit filename="include/ECS/Systems/RespawnSystem.h" />
		<Unit filename="include/ECS/Systems/TriggerSystem.h" />
		<Unit filename="include/EntityCreator.h" />
		<Unit filename="include/Game.h" />
		<Unit filename="include/InputManager.h" />
		<Unit filename="include/State.h" />
		<Unit filename="include/StateMachine.h" />
		<Unit filename="include/State/GameState.h" />
		<Unit filename="include/State/MainMenuState.h" />
		<Unit filename="include/State/SplashState.h" />
		<Unit filename="include/TileMap.h" />
		<Unit filename="include/Vector2fMath.h" />
		<Unit filename="main.cpp" />
		<Unit filename="src/AssetManager.cpp" />
		<Unit filename="src/Collision.cpp" />
		<Unit filename="src/ECS/ComponentManagerSingleton.cpp" />
		<Unit filename="src/ECS/Components/CharacterComponent.cpp" />
		<Unit filename="src/ECS/Components/ColliderComponent.cpp" />
		<Unit filename="src/ECS/Components/ConstraintComponent.cpp" />
		<Unit filename="src/ECS/Components/GravityComponent.cpp" />
		<Unit filename="src/ECS/Components/PositionComponent.cpp" />
		<Unit filename="src/ECS/Components/RendererComponent.cpp" />
		<Unit filename="src/ECS/Components/RespawnComponent.cpp" />
		<Unit filename="src/ECS/Components/TriggerComponent.cpp" />
		<Unit filename="src/ECS/Components/Triggers/CheckPointTriggerComponent.cpp" />
		<Unit filename="src/ECS/Components/Triggers/CueAttackTriggerComponent.cpp" />
		<Unit filename="src/ECS/Components/Triggers/EndLevelTriggerComponent.cpp" />
		<Unit filename="src/ECS/Components/Triggers/HoleTriggerComponent.cpp" />
		<Unit filename="src/ECS/Components/Triggers/WarpTriggerComponent.cpp" />
		<Unit filename="src/ECS/Components/VelocityComponent.cpp" />
		<Unit filename="src/ECS/ECSCoordinatorSingleton.cpp" />
		<Unit filename="src/ECS/EntityManagerSingleton.cpp" />
		<Unit filename="src/ECS/SystemManagerSingleton.cpp" />
		<Unit filename="src/ECS/Systems/CollisionSystem.cpp" />
		<Unit filename="src/ECS/Systems/PhysicSystem.cpp" />
		<Unit filename="src/ECS/Systems/RenderSystem.cpp" />
		<Unit filename="src/ECS/Systems/RespawnSystem.cpp" />
		<Unit filename="src/ECS/Systems/TriggerSystem.cpp" />
		<Unit filename="src/EntityCreator.cpp" />
		<Unit filename="src/Game.cpp" />
		<Unit filename="src/InputManager.cpp" />
		<Unit filename="src/StateMachine.cpp" />
		<Unit filename="src/State/GameState.cpp" />
		<Unit filename="src/State/MainMenuState.cpp" />
		<Unit filename="src/State/SplashState.cpp" />
		<Unit filename="src/TileMap.cpp" />
		<Unit filename="src/Vector2fMath.cpp" />
		<Extensions>
			<code_completion />
			<envvars />
			<debugger />
		</Extensions>
	</Project>
</CodeBlocks_project_file>
